{
  "name": "smorgasbord",
  "lockfileVersion": 3,
  "requires": true,
  "packages": {
    "": {
      "dependencies": {
        "concrete.css": "^3.0.0"
      }
    },
    "node_modules/concrete.css": {
      "version": "3.0.0",
      "resolved": "https://registry.npmjs.org/concrete.css/-/concrete.css-3.0.0.tgz",
      "integrity": "sha512-hM8I0xJhG9mX/XpmgAHFH4mY2B4W5PLMmbfv+zoKq7d62Jsyk+pQawFqudjra574U3Hp96N2PTcURHGj3i/4Ig=="
    }
  }
}
